
Microsoft Visual Studio Solution File, Format Version 12.00
# Visual Studio Version 17
VisualStudioVersion = 17.2.32505.173
MinimumVisualStudioVersion = 10.0.40219.1
Project("{FAE04EC0-301F-11D3-BF4B-00C04F79EFBC}") = "TestSample.UWP", "TestSample\TestSample.UWP\TestSample.UWP.csproj", "{5F078076-A962-48BD-ADEE-2E3A238D386F}"
EndProject
Project("{FAE04EC0-301F-11D3-BF4B-00C04F79EFBC}") = "TestSample.Android", "TestSample\TestSample.Android\TestSample.Android.csproj", "{78D83441-F8E5-4735-96FA-E01857ED2080}"
EndProject
Project("{FAE04EC0-301F-11D3-BF4B-00C04F79EFBC}") = "TestSample.iOS", "TestSample\TestSample.iOS\TestSample.iOS.csproj", "{71DFFF01-50EC-4963-B6D2-4F5166C61E36}"
EndProject
Project("{9A19103F-16F7-4668-BE54-9A1E7A4F7556}") = "TestSample", "TestSample\TestSample\TestSample.csproj", "{E769322D-D4A3-46DD-AC1A-E70E6CC1FC5F}"
EndProject
Project("{FAE04EC0-301F-11D3-BF4B-00C04F79EFBC}") = "TestSample.iOS.ScreensharingExtension", "Extension\TestSample.iOS.ScreensharingExtension\TestSample.iOS.ScreensharingExtension.csproj", "{70D09660-FDC9-478E-A376-F97463644EE7}"
EndProject
Global
	GlobalSection(SolutionConfigurationPlatforms) = preSolution
		Debug|Any CPU = Debug|Any CPU
		Debug|ARM = Debug|ARM
		Debug|iPhone = Debug|iPhone
		Debug|iPhoneSimulator = Debug|iPhoneSimulator
		Debug|x64 = Debug|x64
		Debug|x86 = Debug|x86
		Release|Any CPU = Release|Any CPU
		Release|ARM = Release|ARM
		Release|iPhone = Release|iPhone
		Release|iPhoneSimulator = Release|iPhoneSimulator
		Release|x64 = Release|x64
		Release|x86 = Release|x86
	EndGlobalSection
	GlobalSection(ProjectConfigurationPlatforms) = postSolution
		{5F078076-A962-48BD-ADEE-2E3A238D386F}.Debug|Any CPU.ActiveCfg = Debug|x64
		{5F078076-A962-48BD-ADEE-2E3A238D386F}.Debug|Any CPU.Build.0 = Debug|x64
		{5F078076-A962-48BD-ADEE-2E3A238D386F}.Debug|Any CPU.Deploy.0 = Debug|x64
		{5F078076-A962-48BD-ADEE-2E3A238D386F}.Debug|ARM.ActiveCfg = Debug|ARM
		{5F078076-A962-48BD-ADEE-2E3A238D386F}.Debug|ARM.Build.0 = Debug|ARM
		{5F078076-A962-48BD-ADEE-2E3A238D386F}.Debug|ARM.Deploy.0 = Debug|ARM
		{5F078076-A962-48BD-ADEE-2E3A238D386F}.Debug|iPhone.ActiveCfg = Debug|x64
		{5F078076-A962-48BD-ADEE-2E3A238D386F}.Debug|iPhone.Build.0 = Debug|x64
		{5F078076-A962-48BD-ADEE-2E3A238D386F}.Debug|iPhone.Deploy.0 = Debug|x64
		{5F078076-A962-48BD-ADEE-2E3A238D386F}.Debug|iPhoneSimulator.ActiveCfg = Debug|x64
		{5F078076-A962-48BD-ADEE-2E3A238D386F}.Debug|iPhoneSimulator.Build.0 = Debug|x64
		{5F078076-A962-48BD-ADEE-2E3A238D386F}.Debug|iPhoneSimulator.Deploy.0 = Debug|x64
		{5F078076-A962-48BD-ADEE-2E3A238D386F}.Debug|x64.ActiveCfg = Debug|x64
		{5F078076-A962-48BD-ADEE-2E3A238D386F}.Debug|x64.Build.0 = Debug|x64
		{5F078076-A962-48BD-ADEE-2E3A238D386F}.Debug|x64.Deploy.0 = Debug|x64
		{5F078076-A962-48BD-ADEE-2E3A238D386F}.Debug|x86.ActiveCfg = Debug|x86
		{5F078076-A962-48BD-ADEE-2E3A238D386F}.Debug|x86.Build.0 = Debug|x86
		{5F078076-A962-48BD-ADEE-2E3A238D386F}.Debug|x86.Deploy.0 = Debug|x86
		{5F078076-A962-48BD-ADEE-2E3A238D386F}.Release|Any CPU.ActiveCfg = Release|x64
		{5F078076-A962-48BD-ADEE-2E3A238D386F}.Release|Any CPU.Build.0 = Release|x64
		{5F078076-A962-48BD-ADEE-2E3A238D386F}.Release|Any CPU.Deploy.0 = Release|x64
		{5F078076-A962-48BD-ADEE-2E3A238D386F}.Release|ARM.ActiveCfg = Release|ARM
		{5F078076-A962-48BD-ADEE-2E3A238D386F}.Release|ARM.Build.0 = Release|ARM
		{5F078076-A962-48BD-ADEE-2E3A238D386F}.Release|ARM.Deploy.0 = Release|ARM
		{5F078076-A962-48BD-ADEE-2E3A238D386F}.Release|iPhone.ActiveCfg = Release|x64
		{5F078076-A962-48BD-ADEE-2E3A238D386F}.Release|iPhone.Build.0 = Release|x64
		{5F078076-A962-48BD-ADEE-2E3A238D386F}.Release|iPhone.Deploy.0 = Release|x64
		{5F078076-A962-48BD-ADEE-2E3A238D386F}.Release|iPhoneSimulator.ActiveCfg = Release|x64
		{5F078076-A962-48BD-ADEE-2E3A238D386F}.Release|iPhoneSimulator.Build.0 = Release|x64
		{5F078076-A962-48BD-ADEE-2E3A238D386F}.Release|iPhoneSimulator.Deploy.0 = Release|x64
		{5F078076-A962-48BD-ADEE-2E3A238D386F}.Release|x64.ActiveCfg = Release|x64
		{5F078076-A962-48BD-ADEE-2E3A238D386F}.Release|x64.Build.0 = Release|x64
		{5F078076-A962-48BD-ADEE-2E3A238D386F}.Release|x64.Deploy.0 = Release|x64
		{5F078076-A962-48BD-ADEE-2E3A238D386F}.Release|x86.ActiveCfg = Release|x86
		{5F078076-A962-48BD-ADEE-2E3A238D386F}.Release|x86.Build.0 = Release|x86
		{5F078076-A962-48BD-ADEE-2E3A238D386F}.Release|x86.Deploy.0 = Release|x86
		{78D83441-F8E5-4735-96FA-E01857ED2080}.Debug|Any CPU.ActiveCfg = Debug|Any CPU
		{78D83441-F8E5-4735-96FA-E01857ED2080}.Debug|Any CPU.Build.0 = Debug|Any CPU
		{78D83441-F8E5-4735-96FA-E01857ED2080}.Debug|Any CPU.Deploy.0 = Debug|Any CPU
		{78D83441-F8E5-4735-96FA-E01857ED2080}.Debug|ARM.ActiveCfg = Debug|Any CPU
		{78D83441-F8E5-4735-96FA-E01857ED2080}.Debug|ARM.Build.0 = Debug|Any CPU
		{78D83441-F8E5-4735-96FA-E01857ED2080}.Debug|ARM.Deploy.0 = Debug|Any CPU
		{78D83441-F8E5-4735-96FA-E01857ED2080}.Debug|iPhone.ActiveCfg = Debug|Any CPU
		{78D83441-F8E5-4735-96FA-E01857ED2080}.Debug|iPhone.Build.0 = Debug|Any CPU
		{78D83441-F8E5-4735-96FA-E01857ED2080}.Debug|iPhoneSimulator.ActiveCfg = Debug|Any CPU
		{78D83441-F8E5-4735-96FA-E01857ED2080}.Debug|iPhoneSimulator.Build.0 = Debug|Any CPU
		{78D83441-F8E5-4735-96FA-E01857ED2080}.Debug|iPhoneSimulator.Deploy.0 = Debug|Any CPU
		{78D83441-F8E5-4735-96FA-E01857ED2080}.Debug|x64.ActiveCfg = Debug|Any CPU
		{78D83441-F8E5-4735-96FA-E01857ED2080}.Debug|x64.Build.0 = Debug|Any CPU
		{78D83441-F8E5-4735-96FA-E01857ED2080}.Debug|x64.Deploy.0 = Debug|Any CPU
		{78D83441-F8E5-4735-96FA-E01857ED2080}.Debug|x86.ActiveCfg = Debug|Any CPU
		{78D83441-F8E5-4735-96FA-E01857ED2080}.Debug|x86.Build.0 = Debug|Any CPU
		{78D83441-F8E5-4735-96FA-E01857ED2080}.Debug|x86.Deploy.0 = Debug|Any CPU
		{78D83441-F8E5-4735-96FA-E01857ED2080}.Release|Any CPU.ActiveCfg = Release|Any CPU
		{78D83441-F8E5-4735-96FA-E01857ED2080}.Release|Any CPU.Build.0 = Release|Any CPU
		{78D83441-F8E5-4735-96FA-E01857ED2080}.Release|Any CPU.Deploy.0 = Release|Any CPU
		{78D83441-F8E5-4735-96FA-E01857ED2080}.Release|ARM.ActiveCfg = Release|Any CPU
		{78D83441-F8E5-4735-96FA-E01857ED2080}.Release|ARM.Build.0 = Release|Any CPU
		{78D83441-F8E5-4735-96FA-E01857ED2080}.Release|ARM.Deploy.0 = Release|Any CPU
		{78D83441-F8E5-4735-96FA-E01857ED2080}.Release|iPhone.ActiveCfg = Release|Any CPU
		{78D83441-F8E5-4735-96FA-E01857ED2080}.Release|iPhone.Build.0 = Release|Any CPU
		{78D83441-F8E5-4735-96FA-E01857ED2080}.Release|iPhone.Deploy.0 = Release|Any CPU
		{78D83441-F8E5-4735-96FA-E01857ED2080}.Release|iPhoneSimulator.ActiveCfg = Release|Any CPU
		{78D83441-F8E5-4735-96FA-E01857ED2080}.Release|iPhoneSimulator.Build.0 = Release|Any CPU
		{78D83441-F8E5-4735-96FA-E01857ED2080}.Release|iPhoneSimulator.Deploy.0 = Release|Any CPU
		{78D83441-F8E5-4735-96FA-E01857ED2080}.Release|x64.ActiveCfg = Release|Any CPU
		{78D83441-F8E5-4735-96FA-E01857ED2080}.Release|x64.Build.0 = Release|Any CPU
		{78D83441-F8E5-4735-96FA-E01857ED2080}.Release|x64.Deploy.0 = Release|Any CPU
		{78D83441-F8E5-4735-96FA-E01857ED2080}.Release|x86.ActiveCfg = Release|Any CPU
		{78D83441-F8E5-4735-96FA-E01857ED2080}.Release|x86.Build.0 = Release|Any CPU
		{78D83441-F8E5-4735-96FA-E01857ED2080}.Release|x86.Deploy.0 = Release|Any CPU
		{71DFFF01-50EC-4963-B6D2-4F5166C61E36}.Debug|Any CPU.ActiveCfg = Debug|iPhoneSimulator
		{71DFFF01-50EC-4963-B6D2-4F5166C61E36}.Debug|Any CPU.Build.0 = Debug|iPhoneSimulator
		{71DFFF01-50EC-4963-B6D2-4F5166C61E36}.Debug|Any CPU.Deploy.0 = Debug|iPhoneSimulator
		{71DFFF01-50EC-4963-B6D2-4F5166C61E36}.Debug|ARM.ActiveCfg = Debug|iPhoneSimulator
		{71DFFF01-50EC-4963-B6D2-4F5166C61E36}.Debug|ARM.Build.0 = Debug|iPhoneSimulator
		{71DFFF01-50EC-4963-B6D2-4F5166C61E36}.Debug|ARM.Deploy.0 = Debug|iPhoneSimulator
		{71DFFF01-50EC-4963-B6D2-4F5166C61E36}.Debug|iPhone.ActiveCfg = Debug|iPhone
		{71DFFF01-50EC-4963-B6D2-4F5166C61E36}.Debug|iPhone.Build.0 = Debug|iPhone
		{71DFFF01-50EC-4963-B6D2-4F5166C61E36}.Debug|iPhone.Deploy.0 = Debug|iPhone
		{71DFFF01-50EC-4963-B6D2-4F5166C61E36}.Debug|iPhoneSimulator.ActiveCfg = Debug|iPhoneSimulator
		{71DFFF01-50EC-4963-B6D2-4F5166C61E36}.Debug|iPhoneSimulator.Build.0 = Debug|iPhoneSimulator
		{71DFFF01-50EC-4963-B6D2-4F5166C61E36}.Debug|iPhoneSimulator.Deploy.0 = Debug|iPhoneSimulator
		{71DFFF01-50EC-4963-B6D2-4F5166C61E36}.Debug|x64.ActiveCfg = Debug|iPhone
		{71DFFF01-50EC-4963-B6D2-4F5166C61E36}.Debug|x64.Build.0 = Debug|iPhone
		{71DFFF01-50EC-4963-B6D2-4F5166C61E36}.Debug|x64.Deploy.0 = Debug|iPhone
		{71DFFF01-50EC-4963-B6D2-4F5166C61E36}.Debug|x86.ActiveCfg = Debug|iPhoneSimulator
		{71DFFF01-50EC-4963-B6D2-4F5166C61E36}.Debug|x86.Build.0 = Debug|iPhoneSimulator
		{71DFFF01-50EC-4963-B6D2-4F5166C61E36}.Debug|x86.Deploy.0 = Debug|iPhoneSimulator
		{71DFFF01-50EC-4963-B6D2-4F5166C61E36}.Release|Any CPU.ActiveCfg = Release|iPhoneSimulator
		{71DFFF01-50EC-4963-B6D2-4F5166C61E36}.Release|Any CPU.Build.0 = Release|iPhoneSimulator
		{71DFFF01-50EC-4963-B6D2-4F5166C61E36}.Release|Any CPU.Deploy.0 = Release|iPhoneSimulator
		{71DFFF01-50EC-4963-B6D2-4F5166C61E36}.Release|ARM.ActiveCfg = Release|iPhoneSimulator
		{71DFFF01-50EC-4963-B6D2-4F5166C61E36}.Release|ARM.Build.0 = Release|iPhoneSimulator
		{71DFFF01-50EC-4963-B6D2-4F5166C61E36}.Release|ARM.Deploy.0 = Release|iPhoneSimulator
		{71DFFF01-50EC-4963-B6D2-4F5166C61E36}.Release|iPhone.ActiveCfg = Release|iPhone
		{71DFFF01-50EC-4963-B6D2-4F5166C61E36}.Release|iPhone.Build.0 = Release|iPhone
		{71DFFF01-50EC-4963-B6D2-4F5166C61E36}.Release|iPhone.Deploy.0 = Release|iPhone
		{71DFFF01-50EC-4963-B6D2-4F5166C61E36}.Release|iPhoneSimulator.ActiveCfg = Release|iPhoneSimulator
		{71DFFF01-50EC-4963-B6D2-4F5166C61E36}.Release|iPhoneSimulator.Build.0 = Release|iPhoneSimulator
		{71DFFF01-50EC-4963-B6D2-4F5166C61E36}.Release|iPhoneSimulator.Deploy.0 = Release|iPhoneSimulator
		{71DFFF01-50EC-4963-B6D2-4F5166C61E36}.Release|x64.ActiveCfg = Release|iPhoneSimulator
		{71DFFF01-50EC-4963-B6D2-4F5166C61E36}.Release|x64.Build.0 = Release|iPhoneSimulator
		{71DFFF01-50EC-4963-B6D2-4F5166C61E36}.Release|x64.Deploy.0 = Release|iPhoneSimulator
		{71DFFF01-50EC-4963-B6D2-4F5166C61E36}.Release|x86.ActiveCfg = Release|iPhoneSimulator
		{71DFFF01-50EC-4963-B6D2-4F5166C61E36}.Release|x86.Build.0 = Release|iPhoneSimulator
		{71DFFF01-50EC-4963-B6D2-4F5166C61E36}.Release|x86.Deploy.0 = Release|iPhoneSimulator
		{E769322D-D4A3-46DD-AC1A-E70E6CC1FC5F}.Debug|Any CPU.ActiveCfg = Debug|Any CPU
		{E769322D-D4A3-46DD-AC1A-E70E6CC1FC5F}.Debug|Any CPU.Build.0 = Debug|Any CPU
		{E769322D-D4A3-46DD-AC1A-E70E6CC1FC5F}.Debug|Any CPU.Deploy.0 = Debug|Any CPU
		{E769322D-D4A3-46DD-AC1A-E70E6CC1FC5F}.Debug|ARM.ActiveCfg = Debug|Any CPU
		{E769322D-D4A3-46DD-AC1A-E70E6CC1FC5F}.Debug|ARM.Build.0 = Debug|Any CPU
		{E769322D-D4A3-46DD-AC1A-E70E6CC1FC5F}.Debug|ARM.Deploy.0 = Debug|Any CPU
		{E769322D-D4A3-46DD-AC1A-E70E6CC1FC5F}.Debug|iPhone.ActiveCfg = Debug|Any CPU
		{E769322D-D4A3-46DD-AC1A-E70E6CC1FC5F}.Debug|iPhone.Build.0 = Debug|Any CPU
		{E769322D-D4A3-46DD-AC1A-E70E6CC1FC5F}.Debug|iPhone.Deploy.0 = Debug|Any CPU
		{E769322D-D4A3-46DD-AC1A-E70E6CC1FC5F}.Debug|iPhoneSimulator.ActiveCfg = Debug|Any CPU
		{E769322D-D4A3-46DD-AC1A-E70E6CC1FC5F}.Debug|iPhoneSimulator.Build.0 = Debug|Any CPU
		{E769322D-D4A3-46DD-AC1A-E70E6CC1FC5F}.Debug|iPhoneSimulator.Deploy.0 = Debug|Any CPU
		{E769322D-D4A3-46DD-AC1A-E70E6CC1FC5F}.Debug|x64.ActiveCfg = Debug|Any CPU
		{E769322D-D4A3-46DD-AC1A-E70E6CC1FC5F}.Debug|x64.Build.0 = Debug|Any CPU
		{E769322D-D4A3-46DD-AC1A-E70E6CC1FC5F}.Debug|x64.Deploy.0 = Debug|Any CPU
		{E769322D-D4A3-46DD-AC1A-E70E6CC1FC5F}.Debug|x86.ActiveCfg = Debug|Any CPU
		{E769322D-D4A3-46DD-AC1A-E70E6CC1FC5F}.Debug|x86.Build.0 = Debug|Any CPU
		{E769322D-D4A3-46DD-AC1A-E70E6CC1FC5F}.Debug|x86.Deploy.0 = Debug|Any CPU
		{E769322D-D4A3-46DD-AC1A-E70E6CC1FC5F}.Release|Any CPU.ActiveCfg = Release|Any CPU
		{E769322D-D4A3-46DD-AC1A-E70E6CC1FC5F}.Release|Any CPU.Build.0 = Release|Any CPU
		{E769322D-D4A3-46DD-AC1A-E70E6CC1FC5F}.Release|Any CPU.Deploy.0 = Release|Any CPU
		{E769322D-D4A3-46DD-AC1A-E70E6CC1FC5F}.Release|ARM.ActiveCfg = Release|Any CPU
		{E769322D-D4A3-46DD-AC1A-E70E6CC1FC5F}.Release|ARM.Build.0 = Release|Any CPU
		{E769322D-D4A3-46DD-AC1A-E70E6CC1FC5F}.Release|ARM.Deploy.0 = Release|Any CPU
		{E769322D-D4A3-46DD-AC1A-E70E6CC1FC5F}.Release|iPhone.ActiveCfg = Release|Any CPU
		{E769322D-D4A3-46DD-AC1A-E70E6CC1FC5F}.Release|iPhone.Build.0 = Release|Any CPU
		{E769322D-D4A3-46DD-AC1A-E70E6CC1FC5F}.Release|iPhone.Deploy.0 = Release|Any CPU
		{E769322D-D4A3-46DD-AC1A-E70E6CC1FC5F}.Release|iPhoneSimulator.ActiveCfg = Release|Any CPU
		{E769322D-D4A3-46DD-AC1A-E70E6CC1FC5F}.Release|iPhoneSimulator.Build.0 = Release|Any CPU
		{E769322D-D4A3-46DD-AC1A-E70E6CC1FC5F}.Release|iPhoneSimulator.Deploy.0 = Release|Any CPU
		{E769322D-D4A3-46DD-AC1A-E70E6CC1FC5F}.Release|x64.ActiveCfg = Release|Any CPU
		{E769322D-D4A3-46DD-AC1A-E70E6CC1FC5F}.Release|x64.Build.0 = Release|Any CPU
		{E769322D-D4A3-46DD-AC1A-E70E6CC1FC5F}.Release|x64.Deploy.0 = Release|Any CPU
		{E769322D-D4A3-46DD-AC1A-E70E6CC1FC5F}.Release|x86.ActiveCfg = Release|Any CPU
		{E769322D-D4A3-46DD-AC1A-E70E6CC1FC5F}.Release|x86.Build.0 = Release|Any CPU
		{E769322D-D4A3-46DD-AC1A-E70E6CC1FC5F}.Release|x86.Deploy.0 = Release|Any CPU
		{70D09660-FDC9-478E-A376-F97463644EE7}.Debug|Any CPU.ActiveCfg = Debug|iPhoneSimulator
		{70D09660-FDC9-478E-A376-F97463644EE7}.Debug|Any CPU.Build.0 = Debug|iPhoneSimulator
		{70D09660-FDC9-478E-A376-F97463644EE7}.Debug|ARM.ActiveCfg = Debug|iPhoneSimulator
		{70D09660-FDC9-478E-A376-F97463644EE7}.Debug|ARM.Build.0 = Debug|iPhoneSimulator
		{70D09660-FDC9-478E-A376-F97463644EE7}.Debug|iPhone.ActiveCfg = Debug|iPhone
		{70D09660-FDC9-478E-A376-F97463644EE7}.Debug|iPhone.Build.0 = Debug|iPhone
		{70D09660-FDC9-478E-A376-F97463644EE7}.Debug|iPhoneSimulator.ActiveCfg = Debug|iPhoneSimulator
		{70D09660-FDC9-478E-A376-F97463644EE7}.Debug|iPhoneSimulator.Build.0 = Debug|iPhoneSimulator
		{70D09660-FDC9-478E-A376-F97463644EE7}.Debug|x64.ActiveCfg = Debug|iPhoneSimulator
		{70D09660-FDC9-478E-A376-F97463644EE7}.Debug|x64.Build.0 = Debug|iPhoneSimulator
		{70D09660-FDC9-478E-A376-F97463644EE7}.Debug|x86.ActiveCfg = Debug|iPhoneSimulator
		{70D09660-FDC9-478E-A376-F97463644EE7}.Debug|x86.Build.0 = Debug|iPhoneSimulator
		{70D09660-FDC9-478E-A376-F97463644EE7}.Release|Any CPU.ActiveCfg = Release|iPhoneSimulator
		{70D09660-FDC9-478E-A376-F97463644EE7}.Release|Any CPU.Build.0 = Release|iPhoneSimulator
		{70D09660-FDC9-478E-A376-F97463644EE7}.Release|ARM.ActiveCfg = Release|iPhoneSimulator
		{70D09660-FDC9-478E-A376-F97463644EE7}.Release|ARM.Build.0 = Release|iPhoneSimulator
		{70D09660-FDC9-478E-A376-F97463644EE7}.Release|iPhone.ActiveCfg = Release|iPhone
		{70D09660-FDC9-478E-A376-F97463644EE7}.Release|iPhone.Build.0 = Release|iPhone
		{70D09660-FDC9-478E-A376-F97463644EE7}.Release|iPhoneSimulator.ActiveCfg = Release|iPhoneSimulator
		{70D09660-FDC9-478E-A376-F97463644EE7}.Release|iPhoneSimulator.Build.0 = Release|iPhoneSimulator
		{70D09660-FDC9-478E-A376-F97463644EE7}.Release|x64.ActiveCfg = Release|iPhoneSimulator
		{70D09660-FDC9-478E-A376-F97463644EE7}.Release|x64.Build.0 = Release|iPhoneSimulator
		{70D09660-FDC9-478E-A376-F97463644EE7}.Release|x86.ActiveCfg = Release|iPhoneSimulator
		{70D09660-FDC9-478E-A376-F97463644EE7}.Release|x86.Build.0 = Release|iPhoneSimulator
	EndGlobalSection
	GlobalSection(SolutionProperties) = preSolution
		HideSolutionNode = FALSE
	EndGlobalSection
	GlobalSection(ExtensibilityGlobals) = postSolution
		SolutionGuid = {F3A83D98-F73C-41B0-83AC-FE72BE17F043}
	EndGlobalSection
EndGlobal
