
Microsoft Visual Studio Solution File, Format Version 12.00
# Visual Studio Version 16
VisualStudioVersion = 25.0.1704.3
MinimumVisualStudioVersion = 10.0.40219.1
Project("{FAE04EC0-301F-11D3-BF4B-00C04F79EFBC}") = "Laerdal.Maui.AzureCommunicationCalling.iOS", "Laerdal.Maui.AzureCommunicationCalling.iOS.csproj", "{A21D8F27-45B5-4EB3-8216-FE318C9E6375}"
EndProject
Global
	GlobalSection(SolutionConfigurationPlatforms) = preSolution
		Debug|Any CPU = Debug|Any CPU
		Release|Any CPU = Release|Any CPU
	EndGlobalSection
	GlobalSection(ProjectConfigurationPlatforms) = postSolution
		{A21D8F27-45B5-4EB3-8216-FE318C9E6375}.Debug|Any CPU.ActiveCfg = Debug|Any CPU
		{A21D8F27-45B5-4EB3-8216-FE318C9E6375}.Debug|Any CPU.Build.0 = Debug|Any CPU
		{A21D8F27-45B5-4EB3-8216-FE318C9E6375}.Release|Any CPU.ActiveCfg = Release|Any CPU
		{A21D8F27-45B5-4EB3-8216-FE318C9E6375}.Release|Any CPU.Build.0 = Release|Any CPU
	EndGlobalSection
	GlobalSection(SolutionProperties) = preSolution
		HideSolutionNode = FALSE
	EndGlobalSection
	GlobalSection(ExtensibilityGlobals) = postSolution
		SolutionGuid = {72074025-30C2-4263-BCBB-0EE923A693B2}
	EndGlobalSection
EndGlobal
