
Microsoft Visual Studio Solution File, Format Version 12.00
# Visual Studio Version 16
VisualStudioVersion = 16.0.810.16
MinimumVisualStudioVersion = 10.0.40219.1
Project("{FAE04EC0-301F-11D3-BF4B-00C04F79EFBC}") = "Xamarin.AzureCommunicationCommon.Android", "Xamarin.AzureCommunicationCommon.Android.csproj", "{4761749A-FBBB-46D6-BD39-F07DEF36E923}"
EndProject
Global
	GlobalSection(SolutionConfigurationPlatforms) = preSolution
		Debug|Any CPU = Debug|Any CPU
		Release|Any CPU = Release|Any CPU
	EndGlobalSection
	GlobalSection(ProjectConfigurationPlatforms) = postSolution
		{4761749A-FBBB-46D6-BD39-F07DEF36E923}.Debug|Any CPU.ActiveCfg = Debug|Any CPU
		{4761749A-FBBB-46D6-BD39-F07DEF36E923}.Debug|Any CPU.Build.0 = Debug|Any CPU
		{4761749A-FBBB-46D6-BD39-F07DEF36E923}.Release|Any CPU.ActiveCfg = Release|Any CPU
		{4761749A-FBBB-46D6-BD39-F07DEF36E923}.Release|Any CPU.Build.0 = Release|Any CPU
	EndGlobalSection
	GlobalSection(SolutionProperties) = preSolution
		HideSolutionNode = FALSE
	EndGlobalSection
	GlobalSection(ExtensibilityGlobals) = postSolution
		SolutionGuid = {690E1A52-FDF6-47C8-A541-773BC633EE0F}
	EndGlobalSection
EndGlobal
