
Microsoft Visual Studio Solution File, Format Version 12.00
# Visual Studio Version 16
VisualStudioVersion = 25.0.1704.3
MinimumVisualStudioVersion = 10.0.40219.1
Project("{FAE04EC0-301F-11D3-BF4B-00C04F79EFBC}") = "Laerdal.Maui.AzureCommunicationCallingHelper.Android", "Laerdal.Maui.AzureCommunicationCallingHelper.Android.csproj", "{FF78999C-438F-48FC-A772-D0B4FA49EDD2}"
EndProject
Global
	GlobalSection(SolutionConfigurationPlatforms) = preSolution
		Debug|Any CPU = Debug|Any CPU
		Release|Any CPU = Release|Any CPU
	EndGlobalSection
	GlobalSection(ProjectConfigurationPlatforms) = postSolution
		{FF78999C-438F-48FC-A772-D0B4FA49EDD2}.Debug|Any CPU.ActiveCfg = Debug|Any CPU
		{FF78999C-438F-48FC-A772-D0B4FA49EDD2}.Debug|Any CPU.Build.0 = Debug|Any CPU
		{FF78999C-438F-48FC-A772-D0B4FA49EDD2}.Release|Any CPU.ActiveCfg = Release|Any CPU
		{FF78999C-438F-48FC-A772-D0B4FA49EDD2}.Release|Any CPU.Build.0 = Release|Any CPU
	EndGlobalSection
	GlobalSection(SolutionProperties) = preSolution
		HideSolutionNode = FALSE
	EndGlobalSection
	GlobalSection(ExtensibilityGlobals) = postSolution
		SolutionGuid = {A79ABA65-00D1-454E-92D3-90CCA9298DA3}
	EndGlobalSection
EndGlobal
