
Microsoft Visual Studio Solution File, Format Version 12.00
# Visual Studio Version 16
VisualStudioVersion = 25.0.1706.4
MinimumVisualStudioVersion = 10.0.40219.1
Project("{FAE04EC0-301F-11D3-BF4B-00C04F79EFBC}") = "Laerdal.Maui.AzureCommunicationCommon.Android", "Laerdal.Maui.AzureCommunicationCommon.Android.csproj", "{22E59B85-02FF-46D1-B151-431D50B0AF85}"
EndProject
Global
	GlobalSection(SolutionConfigurationPlatforms) = preSolution
		Debug|Any CPU = Debug|Any CPU
		Release|Any CPU = Release|Any CPU
	EndGlobalSection
	GlobalSection(ProjectConfigurationPlatforms) = postSolution
		{22E59B85-02FF-46D1-B151-431D50B0AF85}.Debug|Any CPU.ActiveCfg = Debug|Any CPU
		{22E59B85-02FF-46D1-B151-431D50B0AF85}.Debug|Any CPU.Build.0 = Debug|Any CPU
		{22E59B85-02FF-46D1-B151-431D50B0AF85}.Release|Any CPU.ActiveCfg = Release|Any CPU
		{22E59B85-02FF-46D1-B151-431D50B0AF85}.Release|Any CPU.Build.0 = Release|Any CPU
	EndGlobalSection
	GlobalSection(SolutionProperties) = preSolution
		HideSolutionNode = FALSE
	EndGlobalSection
	GlobalSection(ExtensibilityGlobals) = postSolution
		SolutionGuid = {8F4875D4-CF53-48E4-A972-ADCFF6299626}
	EndGlobalSection
EndGlobal
