
Microsoft Visual Studio Solution File, Format Version 12.00
# Visual Studio Version 16
VisualStudioVersion = 25.0.1704.3
MinimumVisualStudioVersion = 10.0.40219.1
Project("{FAE04EC0-301F-11D3-BF4B-00C04F79EFBC}") = "Laerdal.Maui.AzureCommunicationCommon.Android", "Laerdal.Maui.AzureCommunicationCommon.Android.csproj", "{EC56518D-8E0B-400C-BAAB-460444517E2B}"
EndProject
Global
	GlobalSection(SolutionConfigurationPlatforms) = preSolution
		Debug|Any CPU = Debug|Any CPU
		Release|Any CPU = Release|Any CPU
	EndGlobalSection
	GlobalSection(ProjectConfigurationPlatforms) = postSolution
		{EC56518D-8E0B-400C-BAAB-460444517E2B}.Debug|Any CPU.ActiveCfg = Debug|Any CPU
		{EC56518D-8E0B-400C-BAAB-460444517E2B}.Debug|Any CPU.Build.0 = Debug|Any CPU
		{EC56518D-8E0B-400C-BAAB-460444517E2B}.Release|Any CPU.ActiveCfg = Release|Any CPU
		{EC56518D-8E0B-400C-BAAB-460444517E2B}.Release|Any CPU.Build.0 = Release|Any CPU
	EndGlobalSection
	GlobalSection(SolutionProperties) = preSolution
		HideSolutionNode = FALSE
	EndGlobalSection
	GlobalSection(ExtensibilityGlobals) = postSolution
		SolutionGuid = {84BD9759-9BBA-422A-BA0F-917C39B8CCA3}
	EndGlobalSection
EndGlobal
