PODS:
  - AzureCommunicationCalling (2.7.0):
    - AzureCommunicationCommon (~> 1.0)
  - AzureCommunicationCommon (1.1.1)

DEPENDENCIES:
  - AzureCommunicationCalling (~> 2.7.0)

SPEC REPOS:
  trunk:
    - AzureCommunicationCalling
    - AzureCommunicationCommon

SPEC CHECKSUMS:
  AzureCommunicationCalling: 3f6aa92b2a99074ad3588edd6930c280cba16dea
  AzureCommunicationCommon: cc520a89f3f8db6d58de42ec4a70cfb79a1b76a3

PODFILE CHECKSUM: f5e90a926921cf8a033e5f47270b7870015460c4

COCOAPODS: 1.14.3
