
Microsoft Visual Studio Solution File, Format Version 12.00
# Visual Studio Version 16
VisualStudioVersion = 25.0.1704.3
MinimumVisualStudioVersion = 10.0.40219.1
Project("{FAE04EC0-301F-11D3-BF4B-00C04F79EFBC}") = "Laerdal.Maui.AzureCoreLogging.Android", "Laerdal.Maui.AzureCoreLogging.Android.csproj", "{75F9543F-1236-46DC-94E4-9CA506365D22}"
EndProject
Global
	GlobalSection(SolutionConfigurationPlatforms) = preSolution
		Debug|Any CPU = Debug|Any CPU
		Release|Any CPU = Release|Any CPU
	EndGlobalSection
	GlobalSection(ProjectConfigurationPlatforms) = postSolution
		{75F9543F-1236-46DC-94E4-9CA506365D22}.Debug|Any CPU.ActiveCfg = Debug|Any CPU
		{75F9543F-1236-46DC-94E4-9CA506365D22}.Debug|Any CPU.Build.0 = Debug|Any CPU
		{75F9543F-1236-46DC-94E4-9CA506365D22}.Release|Any CPU.ActiveCfg = Release|Any CPU
		{75F9543F-1236-46DC-94E4-9CA506365D22}.Release|Any CPU.Build.0 = Release|Any CPU
	EndGlobalSection
	GlobalSection(SolutionProperties) = preSolution
		HideSolutionNode = FALSE
	EndGlobalSection
	GlobalSection(ExtensibilityGlobals) = postSolution
		SolutionGuid = {5DC13C3A-9F34-46FA-88EA-3F5112BE9BDC}
	EndGlobalSection
EndGlobal
