
Microsoft Visual Studio Solution File, Format Version 12.00
# Visual Studio Version 16
VisualStudioVersion = 16.0.810.19
MinimumVisualStudioVersion = 10.0.40219.1
Project("{FAE04EC0-301F-11D3-BF4B-00C04F79EFBC}") = "AzureCommunicationVideoTest.iOS", "AzureCommunicationVideoTest.iOS.csproj", "{B5C45339-AFB6-4143-8399-373141C5E655}"
EndProject
Global
	GlobalSection(SolutionConfigurationPlatforms) = preSolution
		Debug|iPhoneSimulator = Debug|iPhoneSimulator
		Release|iPhoneSimulator = Release|iPhoneSimulator
		Debug|iPhone = Debug|iPhone
		Release|iPhone = Release|iPhone
	EndGlobalSection
	GlobalSection(ProjectConfigurationPlatforms) = postSolution
		{B5C45339-AFB6-4143-8399-373141C5E655}.Debug|iPhoneSimulator.ActiveCfg = Debug|iPhoneSimulator
		{B5C45339-AFB6-4143-8399-373141C5E655}.Debug|iPhoneSimulator.Build.0 = Debug|iPhoneSimulator
		{B5C45339-AFB6-4143-8399-373141C5E655}.Release|iPhoneSimulator.ActiveCfg = Release|iPhoneSimulator
		{B5C45339-AFB6-4143-8399-373141C5E655}.Release|iPhoneSimulator.Build.0 = Release|iPhoneSimulator
		{B5C45339-AFB6-4143-8399-373141C5E655}.Debug|iPhone.ActiveCfg = Debug|iPhone
		{B5C45339-AFB6-4143-8399-373141C5E655}.Debug|iPhone.Build.0 = Debug|iPhone
		{B5C45339-AFB6-4143-8399-373141C5E655}.Release|iPhone.ActiveCfg = Release|iPhone
		{B5C45339-AFB6-4143-8399-373141C5E655}.Release|iPhone.Build.0 = Release|iPhone
	EndGlobalSection
	GlobalSection(SolutionProperties) = preSolution
		HideSolutionNode = FALSE
	EndGlobalSection
	GlobalSection(ExtensibilityGlobals) = postSolution
		SolutionGuid = {68669FF9-BC49-48EC-BCBE-FD0DACCD8BA7}
	EndGlobalSection
EndGlobal
