PODS:
  - AzureCommunication (1.0.0-beta.2):
    - AzureCore (~> 1.0.0-beta.2)
  - AzureCommunicationCalling (1.0.0-beta.4):
    - AzureCommunication (~> 1.0.0-beta.2)
  - AzureCore (1.0.0-beta.2)

DEPENDENCIES:
  - AzureCommunication (from `https://github.com/Azure/azure-sdk-for-ios.git`, commit `f9b3fff781ec9ff232fd3dec5d5fb107a2b15f4d`)
  - AzureCommunicationCalling (from `https://raw.githubusercontent.com/Azure/azure-sdk-for-ios/master/AzureCommunicationCalling.podspec`)
  - AzureCore (from `https://github.com/Azure/azure-sdk-for-ios.git`, commit `f9b3fff781ec9ff232fd3dec5d5fb107a2b15f4d`)

EXTERNAL SOURCES:
  AzureCommunication:
    :commit: f9b3fff781ec9ff232fd3dec5d5fb107a2b15f4d
    :git: https://github.com/Azure/azure-sdk-for-ios.git
  AzureCommunicationCalling:
    :podspec: https://raw.githubusercontent.com/Azure/azure-sdk-for-ios/master/AzureCommunicationCalling.podspec
  AzureCore:
    :commit: f9b3fff781ec9ff232fd3dec5d5fb107a2b15f4d
    :git: https://github.com/Azure/azure-sdk-for-ios.git

CHECKOUT OPTIONS:
  AzureCommunication:
    :commit: f9b3fff781ec9ff232fd3dec5d5fb107a2b15f4d
    :git: https://github.com/Azure/azure-sdk-for-ios.git
  AzureCore:
    :commit: f9b3fff781ec9ff232fd3dec5d5fb107a2b15f4d
    :git: https://github.com/Azure/azure-sdk-for-ios.git

SPEC CHECKSUMS:
  AzureCommunication: 2d6404b8e38dee15faedf69e239c36444f50c5b3
  AzureCommunicationCalling: 499fbbe0c6182ca20f20c861087d43ac4ce612d1
  AzureCore: 92bb80ebb449f2b9c26ecf6824223463f50d2161

PODFILE CHECKSUM: e26e2daffb9d848c2a4fdc087dcb0655e8ccd933

COCOAPODS: 1.10.0
