
Microsoft Visual Studio Solution File, Format Version 12.00
# Visual Studio Version 16
VisualStudioVersion = 16.0.810.16
MinimumVisualStudioVersion = 10.0.40219.1
Project("{FAE04EC0-301F-11D3-BF4B-00C04F79EFBC}") = "Xamarin.AzureCommunicationCallingHelper.Android", "Xamarin.AzureCommunicationCallingHelper.Android.csproj", "{5A1D302D-0B99-4312-9BA4-7C9B760420AB}"
EndProject
Global
	GlobalSection(SolutionConfigurationPlatforms) = preSolution
		Debug|Any CPU = Debug|Any CPU
		Release|Any CPU = Release|Any CPU
	EndGlobalSection
	GlobalSection(ProjectConfigurationPlatforms) = postSolution
		{5A1D302D-0B99-4312-9BA4-7C9B760420AB}.Debug|Any CPU.ActiveCfg = Debug|Any CPU
		{5A1D302D-0B99-4312-9BA4-7C9B760420AB}.Debug|Any CPU.Build.0 = Debug|Any CPU
		{5A1D302D-0B99-4312-9BA4-7C9B760420AB}.Release|Any CPU.ActiveCfg = Release|Any CPU
		{5A1D302D-0B99-4312-9BA4-7C9B760420AB}.Release|Any CPU.Build.0 = Release|Any CPU
	EndGlobalSection
	GlobalSection(SolutionProperties) = preSolution
		HideSolutionNode = FALSE
	EndGlobalSection
	GlobalSection(ExtensibilityGlobals) = postSolution
		SolutionGuid = {AC7303BE-D7E9-4B8E-9374-69CE028D5A9A}
	EndGlobalSection
EndGlobal
