PODS:
  - AzureCommunication (1.0.0-beta.8):
    - AzureCore (~> 1.0.0-beta.8)
  - AzureCommunicationCalling (1.0.0-beta.8):
    - AzureCommunication (~> 1.0.0-beta.8)
  - AzureCore (1.0.0-beta.8)

DEPENDENCIES:
  - AzureCommunication (~> 1.0.0-beta.8)
  - AzureCommunicationCalling (~> 1.0.0-beta.8)
  - AzureCore (~> 1.0.0-beta.8)

SPEC REPOS:
  trunk:
    - AzureCommunication
    - AzureCommunicationCalling
    - AzureCore

SPEC CHECKSUMS:
  AzureCommunication: 45fc76a131a18419c3ba9bf39c4a07a25f40669b
  AzureCommunicationCalling: 794732f405315718254359ca739cfe4026d9ad4d
  AzureCore: dd1775dec02746833668fb05513300fe06f5de0d

PODFILE CHECKSUM: d221e455a22deb410879e5f829ddd9bd8e0c5167

COCOAPODS: 1.10.0
